// !$*UTF8*$!
{
	archiveVersion = 1;
	classes = {
	};
	objectVersion = 50;
	objects = {

/* Begin PBXBuildFile section */
		F39B9D6B251FE89400D95422 /* AppDelegate.swift in Sources */ = {isa = PBXBuildFile; fileRef = F39B9D6A251FE89400D95422 /* AppDelegate.swift */; };
		F39B9D6D251FE89400D95422 /* SceneDelegate.swift in Sources */ = {isa = PBXBuildFile; fileRef = F39B9D6C251FE89400D95422 /* SceneDelegate.swift */; };
		F39B9D6F251FE89400D95422 /* ViewController.swift in Sources */ = {isa = PBXBuildFile; fileRef = F39B9D6E251FE89400D95422 /* ViewController.swift */; };
		F39B9D72251FE89400D95422 /* Main.storyboard in Resources */ = {isa = PBXBuildFile; fileRef = F39B9D70251FE89400D95422 /* Main.storyboard */; };
		F39B9D74251FE89700D95422 /* Assets.xcassets in Resources */ = {isa = PBXBuildFile; fileRef = F39B9D73251FE89700D95422 /* Assets.xcassets */; };
		F39B9D77251FE89700D95422 /* LaunchScreen.storyboard in Resources */ = {isa = PBXBuildFile; fileRef = F39B9D75251FE89700D95422 /* LaunchScreen.storyboard */; };
		F39B9D8125200DD000D95422 /* TableViewCellX.swift in Sources */ = {isa = PBXBuildFile; fileRef = F39B9D8025200DD000D95422 /* TableViewCellX.swift */; };
		F39B9D832520145D00D95422 /* decode.swift in Sources */ = {isa = PBXBuildFile; fileRef = F39B9D822520145D00D95422 /* decode.swift */; };
/* End PBXBuildFile section */

/* Begin PBXFileReference section */
		F39B9D67251FE89400D95422 /* redditEntradas.app */ = {isa = PBXFileReference; explicitFileType = wrapper.application; includeInIndex = 0; path = redditEntradas.app; sourceTree = BUILT_PRODUCTS_DIR; };
		F39B9D6A251FE89400D95422 /* AppDelegate.swift */ = {isa = PBXFileReference; lastKnownFileType = sourcecode.swift; path = AppDelegate.swift; sourceTree = "<group>"; };
		F39B9D6C251FE89400D95422 /* SceneDelegate.swift */ = {isa = PBXFileReference; lastKnownFileType = sourcecode.swift; path = SceneDelegate.swift; sourceTree = "<group>"; };
		F39B9D6E251FE89400D95422 /* ViewController.swift */ = {isa = PBXFileReference; lastKnownFileType = sourcecode.swift; path = ViewController.swift; sourceTree = "<group>"; };
		F39B9D71251FE89400D95422 /* Base */ = {isa = PBXFileReference; lastKnownFileType = file.storyboard; name = Base; path = Base.lproj/Main.storyboard; sourceTree = "<group>"; };
		F39B9D73251FE89700D95422 /* Assets.xcassets */ = {isa = PBXFileReference; lastKnownFileType = folder.assetcatalog; path = Assets.xcassets; sourceTree = "<group>"; };
		F39B9D76251FE89700D95422 /* Base */ = {isa = PBXFileReference; lastKnownFileType = file.storyboard; name = Base; path = Base.lproj/LaunchScreen.storyboard; sourceTree = "<group>"; };
		F39B9D78251FE89700D95422 /* Info.plist */ = {isa = PBXFileReference; lastKnownFileType = text.plist.xml; path = Info.plist; sourceTree = "<group>"; };
		F39B9D8025200DD000D95422 /* TableViewCellX.swift */ = {isa = PBXFileReference; lastKnownFileType = sourcecode.swift; path = TableViewCellX.swift; sourceTree = "<group>"; };
		F39B9D822520145D00D95422 /* decode.swift */ = {isa = PBXFileReference; lastKnownFileType = sourcecode.swift; path = decode.swift; sourceTree = "<group>"; };
/* End PBXFileReference section */

/* Begin PBXFrameworksBuildPhase section */
		F39B9D64251FE89400D95422 /* Frameworks */ = {
			isa = PBXFrameworksBuildPhase;
			buildActionMask = 2147483647;
			files = (
			);
			runOnlyForDeploymentPostprocessing = 0;
		};
/* End PBXFrameworksBuildPhase section */

/* Begin PBXGroup section */
		F39B9D5E251FE89400D95422 = {
			isa = PBXGroup;
			children = (
				F39B9D69251FE89400D95422 /* redditEntradas */,
				F39B9D68251FE89400D95422 /* Products */,
			);
			sourceTree = "<group>";
		};
		F39B9D68251FE89400D95422 /* Products */ = {
			isa = PBXGroup;
			children = (
				F39B9D67251FE89400D95422 /* redditEntradas.app */,
			);
			name = Products;
			sourceTree = "<group>";
		};
		F39B9D69251FE89400D95422 /* redditEntradas */ = {
			isa = PBXGroup;
			children = (
				F39B9D6A251FE89400D95422 /* AppDelegate.swift */,
				F39B9D6C251FE89400D95422 /* SceneDelegate.swift */,
				F39B9D8025200DD000D95422 /* TableViewCellX.swift */,
				F39B9D6E251FE89400D95422 /* ViewController.swift */,
				F39B9D822520145D00D95422 /* decode.swift */,
				F39B9D70251FE89400D95422 /* Main.storyboard */,
				F39B9D73251FE89700D95422 /* Assets.xcassets */,
				F39B9D75251FE89700D95422 /* LaunchScreen.storyboard */,
				F39B9D78251FE89700D95422 /* Info.plist */,
			);
			path = redditEntradas;
			sourceTree = "<group>";
		};
/* End PBXGroup section */

/* Begin PBXNativeTarget section */
		F39B9D66251FE89400D95422 /* redditEntradas */ = {
			isa = PBXNativeTarget;
			buildConfigurationList = F39B9D7B251FE89700D95422 /* Build configuration list for PBXNativeTarget "redditEntradas" */;
			buildPhases = (
				F39B9D63251FE89400D95422 /* Sources */,
				F39B9D64251FE89400D95422 /* Frameworks */,
				F39B9D65251FE89400D95422 /* Resources */,
			);
			buildRules = (
			);
			dependencies = (
			);
			name = redditEntradas;
			productName = redditEntradas;
			productReference = F39B9D67251FE89400D95422 /* redditEntradas.app */;
			productType = "com.apple.product-type.application";
		};
/* End PBXNativeTarget section */

/* Begin PBXProject section */
		F39B9D5F251FE89400D95422 /* Project object */ = {
			isa = PBXProject;
			attributes = {
				LastSwiftUpdateCheck = 1150;
				LastUpgradeCheck = 1150;
				ORGANIZATIONNAME = "Joaquin Perez Nano";
				TargetAttributes = {
					F39B9D66251FE89400D95422 = {
						CreatedOnToolsVersion = 11.5;
					};
				};
			};
			buildConfigurationList = F39B9D62251FE89400D95422 /* Build configuration list for PBXProject "redditEntradas" */;
			compatibilityVersion = "Xcode 9.3";
			developmentRegion = en;
			hasScannedForEncodings = 0;
			knownRegions = (
				en,
				Base,
			);
			mainGroup = F39B9D5E251FE89400D95422;
			productRefGroup = F39B9D68251FE89400D95422 /* Products */;
			projectDirPath = "";
			projectRoot = "";
			targets = (
				F39B9D66251FE89400D95422 /* redditEntradas */,
			);
		};
/* End PBXProject section */

/* Begin PBXResourcesBuildPhase section */
		F39B9D65251FE89400D95422 /* Resources */ = {
			isa = PBXResourcesBuildPhase;
			buildActionMask = 2147483647;
			files = (
				F39B9D77251FE89700D95422 /* LaunchScreen.storyboard in Resources */,
				F39B9D74251FE89700D95422 /* Assets.xcassets in Resources */,
				F39B9D72251FE89400D95422 /* Main.storyboard in Resources */,
			);
			runOnlyForDeploymentPostprocessing = 0;
		};
/* End PBXResourcesBuildPhase section */

/* Begin PBXSourcesBuildPhase section */
		F39B9D63251FE89400D95422 /* Sources */ = {
			isa = PBXSourcesBuildPhase;
			buildActionMask = 2147483647;
			files = (
				F39B9D6F251FE89400D95422 /* ViewController.swift in Sources */,
				F39B9D832520145D00D95422 /* decode.swift in Sources */,
				F39B9D8125200DD000D95422 /* TableViewCellX.swift in Sources */,
				F39B9D6B251FE89400D95422 /* AppDelegate.swift in Sources */,
				F39B9D6D251FE89400D95422 /* SceneDelegate.swift in Sources */,
			);
			runOnlyForDeploymentPostprocessing = 0;
		};
/* End PBXSourcesBuildPhase section */

/* Begin PBXVariantGroup section */
		F39B9D70251FE89400D95422 /* Main.storyboard */ = {
			isa = PBXVariantGroup;
			children = (
				F39B9D71251FE89400D95422 /* Base */,
			);
			name = Main.storyboard;
			sourceTree = "<group>";
		};
		F39B9D75251FE89700D95422 /* LaunchScreen.storyboard */ = {
			isa = PBXVariantGroup;
			children = (
				F39B9D76251FE89700D95422 /* Base */,
			);
			name = LaunchScreen.storyboard;
			sourceTree = "<group>";
		};
/* End PBXVariantGroup section */

/* Begin XCBuildConfiguration section */
		F39B9D79251FE89700D95422 /* Debug */ = {
			isa = XCBuildConfiguration;
			buildSettings = {
				ALWAYS_SEARCH_USER_PATHS = NO;
				CLANG_ANALYZER_NONNULL = YES;
				CLANG_ANALYZER_NUMBER_OBJECT_CONVERSION = YES_AGGRESSIVE;
				CLANG_CXX_LANGUAGE_STANDARD = "gnu++14";
				CLANG_CXX_LIBRARY = "libc++";
				CLANG_ENABLE_MODULES = YES;
				CLANG_ENABLE_OBJC_ARC = YES;
				CLANG_ENABLE_OBJC_WEAK = YES;
				CLANG_WARN_BLOCK_CAPTURE_AUTORELEASING = YES;
				CLANG_WARN_BOOL_CONVERSION = YES;
				CLANG_WARN_COMMA = YES;
				CLANG_WARN_CONSTANT_CONVERSION = YES;
				CLANG_WARN_DEPRECATED_OBJC_IMPLEMENTATIONS = YES;
				CLANG_WARN_DIRECT_OBJC_ISA_USAGE = YES_ERROR;
				CLANG_WARN_DOCUMENTATION_COMMENTS = YES;
				CLANG_WARN_EMPTY_BODY = YES;
				CLANG_WARN_ENUM_CONVERSION = YES;
				CLANG_WARN_INFINITE_RECURSION = YES;
				CLANG_WARN_INT_CONVERSION = YES;
				CLANG_WARN_NON_LITERAL_NULL_CONVERSION = YES;
				CLANG_WARN_OBJC_IMPLICIT_RETAIN_SELF = YES;
				CLANG_WARN_OBJC_LITERAL_CONVERSION = YES;
				CLANG_WARN_OBJC_ROOT_CLASS = YES_ERROR;
				CLANG_WARN_RANGE_LOOP_ANALYSIS = YES;
				CLANG_WARN_STRICT_PROTOTYPES = YES;
				CLANG_WARN_SUSPICIOUS_MOVE = YES;
				CLANG_WARN_UNGUARDED_AVAILABILITY = YES_AGGRESSIVE;
				CLANG_WARN_UNREACHABLE_CODE = YES;
				CLANG_WARN__DUPLICATE_METHOD_MATCH = YES;
				COPY_PHASE_STRIP = NO;
				DEBUG_INFORMATION_FORMAT = dwarf;
				ENABLE_STRICT_OBJC_MSGSEND = YES;
				ENABLE_TESTABILITY = YES;
				GCC_C_LANGUAGE_STANDARD = gnu11;
				GCC_DYNAMIC_NO_PIC = NO;
				GCC_NO_COMMON_BLOCKS = YES;
				GCC_OPTIMIZATION_LEVEL = 0;
				GCC_PREPROCESSOR_DEFINITIONS = (
					"DEBUG=1",
					"$(inherited)",
				);
				GCC_WARN_64_TO_32_BIT_CONVERSION = YES;
				GCC_WARN_ABOUT_RETURN_TYPE = YES_ERROR;
				GCC_WARN_UNDECLARED_SELECTOR = YES;
				GCC_WARN_UNINITIALIZED_AUTOS = YES_AGGRESSIVE;
				GCC_WARN_UNUSED_FUNCTION = YES;
				GCC_WARN_UNUSED_VARIABLE = YES;
				IPHONEOS_DEPLOYMENT_TARGET = 13.5;
				MTL_ENABLE_DEBUG_INFO = INCLUDE_SOURCE;
				MTL_FAST_MATH = YES;
				ONLY_ACTIVE_ARCH = YES;
				SDKROOT = iphoneos;
				SWIFT_ACTIVE_COMPILATION_CONDITIONS = DEBUG;
				SWIFT_OPTIMIZATION_LEVEL = "-Onone";
			};
			name = Debug;
		};
		F39B9D7A251FE89700D95422 /* Release */ = {
			isa = XCBuildConfiguration;
			buildSettings = {
				ALWAYS_SEARCH_USER_PATHS = NO;
				CLANG_ANALYZER_NONNULL = YES;
				CLANG_ANALYZER_NUMBER_OBJECT_CONVERSION = YES_AGGRESSIVE;
				CLANG_CXX_LANGUAGE_STANDARD = "gnu++14";
				CLANG_CXX_LIBRARY = "libc++";
				CLANG_ENABLE_MODULES = YES;
				CLANG_ENABLE_OBJC_ARC = YES;
				CLANG_ENABLE_OBJC_WEAK = YES;
				CLANG_WARN_BLOCK_CAPTURE_AUTORELEASING = YES;
				CLANG_WARN_BOOL_CONVERSION = YES;
				CLANG_WARN_COMMA = YES;
				CLANG_WARN_CONSTANT_CONVERSION = YES;
				CLANG_WARN_DEPRECATED_OBJC_IMPLEMENTATIONS = YES;
				CLANG_WARN_DIRECT_OBJC_ISA_USAGE = YES_ERROR;
				CLANG_WARN_DOCUMENTATION_COMMENTS = YES;
				CLANG_WARN_EMPTY_BODY = YES;
				CLANG_WARN_ENUM_CONVERSION = YES;
				CLANG_WARN_INFINITE_RECURSION = YES;
				CLANG_WARN_INT_CONVERSION = YES;
				CLANG_WARN_NON_LITERAL_NULL_CONVERSION = YES;
				CLANG_WARN_OBJC_IMPLICIT_RETAIN_SELF = YES;
				CLANG_WARN_OBJC_LITERAL_CONVERSION = YES;
				CLANG_WARN_OBJC_ROOT_CLASS = YES_ERROR;
				CLANG_WARN_RANGE_LOOP_ANALYSIS = YES;
				CLANG_WARN_STRICT_PROTOTYPES = YES;
				CLANG_WARN_SUSPICIOUS_MOVE = YES;
				CLANG_WARN_UNGUARDED_AVAILABILITY = YES_AGGRESSIVE;
				CLANG_WARN_UNREACHABLE_CODE = YES;
				CLANG_WARN__DUPLICATE_METHOD_MATCH = YES;
				COPY_PHASE_STRIP = NO;
				DEBUG_INFORMATION_FORMAT = "dwarf-with-dsym";
				ENABLE_NS_ASSERTIONS = NO;
				ENABLE_STRICT_OBJC_MSGSEND = YES;
				GCC_C_LANGUAGE_STANDARD = gnu11;
				GCC_NO_COMMON_BLOCKS = YES;
				GCC_WARN_64_TO_32_BIT_CONVERSION = YES;
				GCC_WARN_ABOUT_RETURN_TYPE = YES_ERROR;
				GCC_WARN_UNDECLARED_SELECTOR = YES;
				GCC_WARN_UNINITIALIZED_AUTOS = YES_AGGRESSIVE;
				GCC_WARN_UNUSED_FUNCTION = YES;
				GCC_WARN_UNUSED_VARIABLE = YES;
				IPHONEOS_DEPLOYMENT_TARGET = 13.5;
				MTL_ENABLE_DEBUG_INFO = NO;
				MTL_FAST_MATH = YES;
				SDKROOT = iphoneos;
				SWIFT_COMPILATION_MODE = wholemodule;
				SWIFT_OPTIMIZATION_LEVEL = "-O";
				VALIDATE_PRODUCT = YES;
			};
			name = Release;
		};
		F39B9D7C251FE89700D95422 /* Debug */ = {
			isa = XCBuildConfiguration;
			buildSettings = {
				ASSETCATALOG_COMPILER_APPICON_NAME = AppIcon;
				CODE_SIGN_STYLE = Automatic;
				INFOPLIST_FILE = redditEntradas/Info.plist;
				LD_RUNPATH_SEARCH_PATHS = (
					"$(inherited)",
					"@executable_path/Frameworks",
				);
				PRODUCT_BUNDLE_IDENTIFIER = com.joacoperez.redditEntradas;
				PRODUCT_NAME = "$(TARGET_NAME)";
				SWIFT_VERSION = 5.0;
				TARGETED_DEVICE_FAMILY = "1,2";
			};
			name = Debug;
		};
		F39B9D7D251FE89700D95422 /* Release */ = {
			isa = XCBuildConfiguration;
			buildSettings = {
				ASSETCATALOG_COMPILER_APPICON_NAME = AppIcon;
				CODE_SIGN_STYLE = Automatic;
				INFOPLIST_FILE = redditEntradas/Info.plist;
				LD_RUNPATH_SEARCH_PATHS = (
					"$(inherited)",
					"@executable_path/Frameworks",
				);
				PRODUCT_BUNDLE_IDENTIFIER = com.joacoperez.redditEntradas;
				PRODUCT_NAME = "$(TARGET_NAME)";
				SWIFT_VERSION = 5.0;
				TARGETED_DEVICE_FAMILY = "1,2";
			};
			name = Release;
		};
/* End XCBuildConfiguration section */

/* Begin XCConfigurationList section */
		F39B9D62251FE89400D95422 /* Build configuration list for PBXProject "redditEntradas" */ = {
			isa = XCConfigurationList;
			buildConfigurations = (
				F39B9D79251FE89700D95422 /* Debug */,
				F39B9D7A251FE89700D95422 /* Release */,
			);
			defaultConfigurationIsVisible = 0;
			defaultConfigurationName = Release;
		};
		F39B9D7B251FE89700D95422 /* Build configuration list for PBXNativeTarget "redditEntradas" */ = {
			isa = XCConfigurationList;
			buildConfigurations = (
				F39B9D7C251FE89700D95422 /* Debug */,
				F39B9D7D251FE89700D95422 /* Release */,
			);
			defaultConfigurationIsVisible = 0;
			defaultConfigurationName = Release;
		};
/* End XCConfigurationList section */
	};
	rootObject = F39B9D5F251FE89400D95422 /* Project object */;
}
